
Microsoft Visual Studio Solution File, Format Version 12.00
# Visual Studio 14
VisualStudioVersion = 14.0.24720.0
MinimumVisualStudioVersion = 10.0.40219.1
Project("{FAE04EC0-301F-11D3-BF4B-00C04F79EFBC}") = "GUI", "Scrambler\GUI.csproj", "{1AC20F58-DC6B-4315-A96D-6FB8555D9832}"
EndProject
Project("{FAE04EC0-301F-11D3-BF4B-00C04F79EFBC}") = "Logic", "Logic\Logic.csproj", "{F406F771-3F01-4748-9D46-919CF97E1DE2}"
EndProject
Project("{FAE04EC0-301F-11D3-BF4B-00C04F79EFBC}") = "Data", "DataAccess\Data.csproj", "{3A37D76A-A447-46FC-ACD6-6E3DDB1CF55C}"
EndProject
Project("{FAE04EC0-301F-11D3-BF4B-00C04F79EFBC}") = "Logic Interface", "Logic Interface\Logic Interface.csproj", "{3FB997EB-04CE-421B-8634-8F1495F0EEF8}"
EndProject
Project("{FAE04EC0-301F-11D3-BF4B-00C04F79EFBC}") = "Data Interface", "Data Interface\Data Interface.csproj", "{6B0D4ABE-DF1A-4FB5-93E7-A6367208707E}"
EndProject
Global
	GlobalSection(SolutionConfigurationPlatforms) = preSolution
		Debug|Any CPU = Debug|Any CPU
		Release|Any CPU = Release|Any CPU
	EndGlobalSection
	GlobalSection(ProjectConfigurationPlatforms) = postSolution
		{1AC20F58-DC6B-4315-A96D-6FB8555D9832}.Debug|Any CPU.ActiveCfg = Debug|Any CPU
		{1AC20F58-DC6B-4315-A96D-6FB8555D9832}.Debug|Any CPU.Build.0 = Debug|Any CPU
		{1AC20F58-DC6B-4315-A96D-6FB8555D9832}.Release|Any CPU.ActiveCfg = Release|Any CPU
		{1AC20F58-DC6B-4315-A96D-6FB8555D9832}.Release|Any CPU.Build.0 = Release|Any CPU
		{F406F771-3F01-4748-9D46-919CF97E1DE2}.Debug|Any CPU.ActiveCfg = Debug|Any CPU
		{F406F771-3F01-4748-9D46-919CF97E1DE2}.Debug|Any CPU.Build.0 = Debug|Any CPU
		{F406F771-3F01-4748-9D46-919CF97E1DE2}.Release|Any CPU.ActiveCfg = Release|Any CPU
		{F406F771-3F01-4748-9D46-919CF97E1DE2}.Release|Any CPU.Build.0 = Release|Any CPU
		{3A37D76A-A447-46FC-ACD6-6E3DDB1CF55C}.Debug|Any CPU.ActiveCfg = Debug|Any CPU
		{3A37D76A-A447-46FC-ACD6-6E3DDB1CF55C}.Debug|Any CPU.Build.0 = Debug|Any CPU
		{3A37D76A-A447-46FC-ACD6-6E3DDB1CF55C}.Release|Any CPU.ActiveCfg = Release|Any CPU
		{3A37D76A-A447-46FC-ACD6-6E3DDB1CF55C}.Release|Any CPU.Build.0 = Release|Any CPU
		{3FB997EB-04CE-421B-8634-8F1495F0EEF8}.Debug|Any CPU.ActiveCfg = Debug|Any CPU
		{3FB997EB-04CE-421B-8634-8F1495F0EEF8}.Debug|Any CPU.Build.0 = Debug|Any CPU
		{3FB997EB-04CE-421B-8634-8F1495F0EEF8}.Release|Any CPU.ActiveCfg = Release|Any CPU
		{3FB997EB-04CE-421B-8634-8F1495F0EEF8}.Release|Any CPU.Build.0 = Release|Any CPU
		{6B0D4ABE-DF1A-4FB5-93E7-A6367208707E}.Debug|Any CPU.ActiveCfg = Debug|Any CPU
		{6B0D4ABE-DF1A-4FB5-93E7-A6367208707E}.Debug|Any CPU.Build.0 = Debug|Any CPU
		{6B0D4ABE-DF1A-4FB5-93E7-A6367208707E}.Release|Any CPU.ActiveCfg = Release|Any CPU
		{6B0D4ABE-DF1A-4FB5-93E7-A6367208707E}.Release|Any CPU.Build.0 = Release|Any CPU
	EndGlobalSection
	GlobalSection(SolutionProperties) = preSolution
		HideSolutionNode = FALSE
	EndGlobalSection
EndGlobal
