
Microsoft Visual Studio Solution File, Format Version 12.00
# Visual Studio 14
VisualStudioVersion = 14.0.23107.0
MinimumVisualStudioVersion = 10.0.40219.1
Project("{FAE04EC0-301F-11D3-BF4B-00C04F79EFBC}") = "GUI", "Fourier\GUI.csproj", "{4043C63E-E8A2-477B-84AC-4A2F6F80F12C}"
EndProject
Project("{FAE04EC0-301F-11D3-BF4B-00C04F79EFBC}") = "Logic", "Logic\Logic.csproj", "{C0F70D91-1D94-4284-AC3E-1751BE27605E}"
EndProject
Project("{FAE04EC0-301F-11D3-BF4B-00C04F79EFBC}") = "Data", "Data\Data.csproj", "{5A3BFA7F-B75E-42AC-9F7A-B5DED52523F6}"
EndProject
Project("{FAE04EC0-301F-11D3-BF4B-00C04F79EFBC}") = "Data interface", "Data interface\Data interface.csproj", "{00FC9B4B-01B7-4389-B8E6-F26F6BBF534F}"
EndProject
Project("{FAE04EC0-301F-11D3-BF4B-00C04F79EFBC}") = "Logic Interface", "Logica Interface\Logic Interface.csproj", "{4A3FC985-2E93-45EB-AA91-03F62E93954E}"
EndProject
Global
	GlobalSection(SolutionConfigurationPlatforms) = preSolution
		Debug|Any CPU = Debug|Any CPU
		Release|Any CPU = Release|Any CPU
	EndGlobalSection
	GlobalSection(ProjectConfigurationPlatforms) = postSolution
		{4043C63E-E8A2-477B-84AC-4A2F6F80F12C}.Debug|Any CPU.ActiveCfg = Debug|Any CPU
		{4043C63E-E8A2-477B-84AC-4A2F6F80F12C}.Debug|Any CPU.Build.0 = Debug|Any CPU
		{4043C63E-E8A2-477B-84AC-4A2F6F80F12C}.Release|Any CPU.ActiveCfg = Release|Any CPU
		{4043C63E-E8A2-477B-84AC-4A2F6F80F12C}.Release|Any CPU.Build.0 = Release|Any CPU
		{C0F70D91-1D94-4284-AC3E-1751BE27605E}.Debug|Any CPU.ActiveCfg = Debug|Any CPU
		{C0F70D91-1D94-4284-AC3E-1751BE27605E}.Debug|Any CPU.Build.0 = Debug|Any CPU
		{C0F70D91-1D94-4284-AC3E-1751BE27605E}.Release|Any CPU.ActiveCfg = Release|Any CPU
		{C0F70D91-1D94-4284-AC3E-1751BE27605E}.Release|Any CPU.Build.0 = Release|Any CPU
		{5A3BFA7F-B75E-42AC-9F7A-B5DED52523F6}.Debug|Any CPU.ActiveCfg = Debug|Any CPU
		{5A3BFA7F-B75E-42AC-9F7A-B5DED52523F6}.Debug|Any CPU.Build.0 = Debug|Any CPU
		{5A3BFA7F-B75E-42AC-9F7A-B5DED52523F6}.Release|Any CPU.ActiveCfg = Release|Any CPU
		{5A3BFA7F-B75E-42AC-9F7A-B5DED52523F6}.Release|Any CPU.Build.0 = Release|Any CPU
		{00FC9B4B-01B7-4389-B8E6-F26F6BBF534F}.Debug|Any CPU.ActiveCfg = Debug|Any CPU
		{00FC9B4B-01B7-4389-B8E6-F26F6BBF534F}.Debug|Any CPU.Build.0 = Debug|Any CPU
		{00FC9B4B-01B7-4389-B8E6-F26F6BBF534F}.Release|Any CPU.ActiveCfg = Release|Any CPU
		{00FC9B4B-01B7-4389-B8E6-F26F6BBF534F}.Release|Any CPU.Build.0 = Release|Any CPU
		{4A3FC985-2E93-45EB-AA91-03F62E93954E}.Debug|Any CPU.ActiveCfg = Debug|Any CPU
		{4A3FC985-2E93-45EB-AA91-03F62E93954E}.Debug|Any CPU.Build.0 = Debug|Any CPU
		{4A3FC985-2E93-45EB-AA91-03F62E93954E}.Release|Any CPU.ActiveCfg = Release|Any CPU
		{4A3FC985-2E93-45EB-AA91-03F62E93954E}.Release|Any CPU.Build.0 = Release|Any CPU
	EndGlobalSection
	GlobalSection(SolutionProperties) = preSolution
		HideSolutionNode = FALSE
	EndGlobalSection
EndGlobal
